
Microsoft Visual Studio Solution File, Format Version 12.00
# Visual Studio Version 17
VisualStudioVersion = 17.11.35222.181
MinimumVisualStudioVersion = 10.0.40219.1
Project("{FAE04EC0-301F-11D3-BF4B-00C04F79EFBC}") = "DestionEmpleadosV2", "DestionEmpleadosV2\DestionEmpleadosV2.csproj", "{629137CB-D334-4E8B-A1CC-AD4491111088}"
EndProject
Global
	GlobalSection(SolutionConfigurationPlatforms) = preSolution
		Debug|Any CPU = Debug|Any CPU
		Release|Any CPU = Release|Any CPU
	EndGlobalSection
	GlobalSection(ProjectConfigurationPlatforms) = postSolution
		{629137CB-D334-4E8B-A1CC-AD4491111088}.Debug|Any CPU.ActiveCfg = Debug|Any CPU
		{629137CB-D334-4E8B-A1CC-AD4491111088}.Debug|Any CPU.Build.0 = Debug|Any CPU
		{629137CB-D334-4E8B-A1CC-AD4491111088}.Release|Any CPU.ActiveCfg = Release|Any CPU
		{629137CB-D334-4E8B-A1CC-AD4491111088}.Release|Any CPU.Build.0 = Release|Any CPU
	EndGlobalSection
	GlobalSection(SolutionProperties) = preSolution
		HideSolutionNode = FALSE
	EndGlobalSection
	GlobalSection(ExtensibilityGlobals) = postSolution
		SolutionGuid = {DA0A8E93-C12A-4F61-9850-2DD4B5CA2185}
	EndGlobalSection
EndGlobal
